
Microsoft Visual Studio Solution File, Format Version 12.00
# Visual Studio Version 17
VisualStudioVersion = 17.0.31903.59
MinimumVisualStudioVersion = 10.0.40219.1
Project("{2150E333-8FDC-42A3-9474-1A3956D46DE8}") = "src", "src", "{DB38050A-58DC-4399-A9D9-3CBEBDE5CA5A}"
EndProject
Project("{FAE04EC0-301F-11D3-BF4B-00C04F79EFBC}") = "Tango.Core", "src\Tango.Core\Tango.Core.csproj", "{AE392ABD-1552-4930-B2AB-3A876B6E5870}"
EndProject
Project("{FAE04EC0-301F-11D3-BF4B-00C04F79EFBC}") = "Tango.FrontendExample", "src\Tango.FrontendExample\Tango.FrontendExample.csproj", "{07984DA2-DEBF-473C-8DB2-BFDD45A39506}"
EndProject
Project("{2150E333-8FDC-42A3-9474-1A3956D46DE8}") = "submodules", "submodules", "{34571222-6FEB-4EEE-83F9-3E85B93470B9}"
EndProject
Project("{2150E333-8FDC-42A3-9474-1A3956D46DE8}") = "AnkiConnect.Net", "AnkiConnect.Net", "{7581A6D5-85CA-4FD3-9CE4-CC4BCD507A64}"
EndProject
Project("{2150E333-8FDC-42A3-9474-1A3956D46DE8}") = "src", "src", "{72332F30-82CE-47B9-BF70-BE09357339D9}"
EndProject
Project("{FAE04EC0-301F-11D3-BF4B-00C04F79EFBC}") = "AnkiConnect.Net", "submodules\AnkiConnect.Net\src\AnkiConnect.Net\AnkiConnect.Net.csproj", "{978F55D0-D48E-437D-9BD8-331DB24CF124}"
EndProject
Project("{FAE04EC0-301F-11D3-BF4B-00C04F79EFBC}") = "Tango.Anki", "src\Tango.Anki\Tango.Anki.csproj", "{071A80CF-801C-46D2-A8CD-C06F464FDADC}"
EndProject
Global
	GlobalSection(SolutionConfigurationPlatforms) = preSolution
		Debug|Any CPU = Debug|Any CPU
		Release|Any CPU = Release|Any CPU
	EndGlobalSection
	GlobalSection(SolutionProperties) = preSolution
		HideSolutionNode = FALSE
	EndGlobalSection
	GlobalSection(ProjectConfigurationPlatforms) = postSolution
		{AE392ABD-1552-4930-B2AB-3A876B6E5870}.Debug|Any CPU.ActiveCfg = Debug|Any CPU
		{AE392ABD-1552-4930-B2AB-3A876B6E5870}.Debug|Any CPU.Build.0 = Debug|Any CPU
		{AE392ABD-1552-4930-B2AB-3A876B6E5870}.Release|Any CPU.ActiveCfg = Release|Any CPU
		{AE392ABD-1552-4930-B2AB-3A876B6E5870}.Release|Any CPU.Build.0 = Release|Any CPU
		{07984DA2-DEBF-473C-8DB2-BFDD45A39506}.Debug|Any CPU.ActiveCfg = Debug|Any CPU
		{07984DA2-DEBF-473C-8DB2-BFDD45A39506}.Debug|Any CPU.Build.0 = Debug|Any CPU
		{07984DA2-DEBF-473C-8DB2-BFDD45A39506}.Release|Any CPU.ActiveCfg = Release|Any CPU
		{07984DA2-DEBF-473C-8DB2-BFDD45A39506}.Release|Any CPU.Build.0 = Release|Any CPU
		{978F55D0-D48E-437D-9BD8-331DB24CF124}.Debug|Any CPU.ActiveCfg = Debug|Any CPU
		{978F55D0-D48E-437D-9BD8-331DB24CF124}.Debug|Any CPU.Build.0 = Debug|Any CPU
		{978F55D0-D48E-437D-9BD8-331DB24CF124}.Release|Any CPU.ActiveCfg = Release|Any CPU
		{978F55D0-D48E-437D-9BD8-331DB24CF124}.Release|Any CPU.Build.0 = Release|Any CPU
		{071A80CF-801C-46D2-A8CD-C06F464FDADC}.Debug|Any CPU.ActiveCfg = Debug|Any CPU
		{071A80CF-801C-46D2-A8CD-C06F464FDADC}.Debug|Any CPU.Build.0 = Debug|Any CPU
		{071A80CF-801C-46D2-A8CD-C06F464FDADC}.Release|Any CPU.ActiveCfg = Release|Any CPU
		{071A80CF-801C-46D2-A8CD-C06F464FDADC}.Release|Any CPU.Build.0 = Release|Any CPU
	EndGlobalSection
	GlobalSection(NestedProjects) = preSolution
		{AE392ABD-1552-4930-B2AB-3A876B6E5870} = {DB38050A-58DC-4399-A9D9-3CBEBDE5CA5A}
		{07984DA2-DEBF-473C-8DB2-BFDD45A39506} = {DB38050A-58DC-4399-A9D9-3CBEBDE5CA5A}
		{7581A6D5-85CA-4FD3-9CE4-CC4BCD507A64} = {34571222-6FEB-4EEE-83F9-3E85B93470B9}
		{72332F30-82CE-47B9-BF70-BE09357339D9} = {7581A6D5-85CA-4FD3-9CE4-CC4BCD507A64}
		{978F55D0-D48E-437D-9BD8-331DB24CF124} = {72332F30-82CE-47B9-BF70-BE09357339D9}
		{071A80CF-801C-46D2-A8CD-C06F464FDADC} = {DB38050A-58DC-4399-A9D9-3CBEBDE5CA5A}
	EndGlobalSection
EndGlobal
